
Microsoft Visual Studio Solution File, Format Version 12.00
# Visual Studio Version 16
VisualStudioVersion = 25.0.1706.4
MinimumVisualStudioVersion = 10.0.40219.1
Project("{FAE04EC0-301F-11D3-BF4B-00C04F79EFBC}") = "fa23team36finalproject", "fa23team36finalproject\fa23team36finalproject.csproj", "{87EAD759-C67B-49B5-8D7B-8652C58A1B7C}"
EndProject
Global
	GlobalSection(SolutionConfigurationPlatforms) = preSolution
		Debug|Any CPU = Debug|Any CPU
		Release|Any CPU = Release|Any CPU
	EndGlobalSection
	GlobalSection(ProjectConfigurationPlatforms) = postSolution
		{87EAD759-C67B-49B5-8D7B-8652C58A1B7C}.Debug|Any CPU.ActiveCfg = Debug|Any CPU
		{87EAD759-C67B-49B5-8D7B-8652C58A1B7C}.Debug|Any CPU.Build.0 = Debug|Any CPU
		{87EAD759-C67B-49B5-8D7B-8652C58A1B7C}.Release|Any CPU.ActiveCfg = Release|Any CPU
		{87EAD759-C67B-49B5-8D7B-8652C58A1B7C}.Release|Any CPU.Build.0 = Release|Any CPU
	EndGlobalSection
	GlobalSection(SolutionProperties) = preSolution
		HideSolutionNode = FALSE
	EndGlobalSection
	GlobalSection(ExtensibilityGlobals) = postSolution
		SolutionGuid = {D758CFB9-0756-4862-BA89-2020092AB180}
	EndGlobalSection
EndGlobal
